
Microsoft Visual Studio Solution File, Format Version 12.00
Project("{FAE04EC0-301F-11D3-BF4B-00C04F79EFBC}") = "Chaski.Application", "Chaski.Application\Chaski.Application.csproj", "{1CB2BAC0-D557-42B2-B433-1D5EF3A14B33}"
EndProject
Project("{FAE04EC0-301F-11D3-BF4B-00C04F79EFBC}") = "Chaski.Domain", "Chaski.Domain\Chaski.Domain.csproj", "{9F0431BF-9948-4CF6-9C64-B464C5A771DF}"
EndProject
Project("{FAE04EC0-301F-11D3-BF4B-00C04F79EFBC}") = "Chaski.Infrastructure", "Chaski.Infrastructure\Chaski.Infrastructure.csproj", "{6EFA7E32-141E-4A74-88ED-179D7C54C16E}"
EndProject
Project("{2150E333-8FDC-42A3-9474-1A3956D46DE8}") = "Api", "Api", "{86309103-DC56-4E0A-90B6-51173256268E}"
EndProject
Project("{FAE04EC0-301F-11D3-BF4B-00C04F79EFBC}") = "Chaski.Api", "Chaski.Api\Chaski.Api.csproj", "{C5AF882D-BAEC-478E-ACA9-E7E18C4E5C41}"
EndProject
Global
	GlobalSection(SolutionConfigurationPlatforms) = preSolution
		Debug|Any CPU = Debug|Any CPU
		Release|Any CPU = Release|Any CPU
	EndGlobalSection
	GlobalSection(ProjectConfigurationPlatforms) = postSolution
		{1CB2BAC0-D557-42B2-B433-1D5EF3A14B33}.Debug|Any CPU.ActiveCfg = Debug|Any CPU
		{1CB2BAC0-D557-42B2-B433-1D5EF3A14B33}.Debug|Any CPU.Build.0 = Debug|Any CPU
		{1CB2BAC0-D557-42B2-B433-1D5EF3A14B33}.Release|Any CPU.ActiveCfg = Release|Any CPU
		{1CB2BAC0-D557-42B2-B433-1D5EF3A14B33}.Release|Any CPU.Build.0 = Release|Any CPU
		{9F0431BF-9948-4CF6-9C64-B464C5A771DF}.Debug|Any CPU.ActiveCfg = Debug|Any CPU
		{9F0431BF-9948-4CF6-9C64-B464C5A771DF}.Debug|Any CPU.Build.0 = Debug|Any CPU
		{9F0431BF-9948-4CF6-9C64-B464C5A771DF}.Release|Any CPU.ActiveCfg = Release|Any CPU
		{9F0431BF-9948-4CF6-9C64-B464C5A771DF}.Release|Any CPU.Build.0 = Release|Any CPU
		{6EFA7E32-141E-4A74-88ED-179D7C54C16E}.Debug|Any CPU.ActiveCfg = Debug|Any CPU
		{6EFA7E32-141E-4A74-88ED-179D7C54C16E}.Debug|Any CPU.Build.0 = Debug|Any CPU
		{6EFA7E32-141E-4A74-88ED-179D7C54C16E}.Release|Any CPU.ActiveCfg = Release|Any CPU
		{6EFA7E32-141E-4A74-88ED-179D7C54C16E}.Release|Any CPU.Build.0 = Release|Any CPU
		{C5AF882D-BAEC-478E-ACA9-E7E18C4E5C41}.Debug|Any CPU.ActiveCfg = Debug|Any CPU
		{C5AF882D-BAEC-478E-ACA9-E7E18C4E5C41}.Debug|Any CPU.Build.0 = Debug|Any CPU
		{C5AF882D-BAEC-478E-ACA9-E7E18C4E5C41}.Release|Any CPU.ActiveCfg = Release|Any CPU
		{C5AF882D-BAEC-478E-ACA9-E7E18C4E5C41}.Release|Any CPU.Build.0 = Release|Any CPU
	EndGlobalSection
	GlobalSection(NestedProjects) = preSolution
		{C5AF882D-BAEC-478E-ACA9-E7E18C4E5C41} = {86309103-DC56-4E0A-90B6-51173256268E}
	EndGlobalSection
EndGlobal
